
Microsoft Visual Studio Solution File, Format Version 12.00
# Visual Studio Version 17
VisualStudioVersion = 17.8.0
MinimumVisualStudioVersion = 10.0.40219.1
Project("{FAE04EC0-301F-11D3-BF4B-00C04F79EFBC}") = "Svrn7.Core", "src\Svrn7.Core\Svrn7.Core.csproj", "{A1B2C3D4-0001-0000-0000-000000000001}"
EndProject
Project("{FAE04EC0-301F-11D3-BF4B-00C04F79EFBC}") = "Svrn7.Crypto", "src\Svrn7.Crypto\Svrn7.Crypto.csproj", "{A1B2C3D4-0002-0000-0000-000000000002}"
EndProject
Project("{FAE04EC0-301F-11D3-BF4B-00C04F79EFBC}") = "Svrn7.Store", "src\Svrn7.Store\Svrn7.Store.csproj", "{A1B2C3D4-0003-0000-0000-000000000003}"
EndProject
Project("{FAE04EC0-301F-11D3-BF4B-00C04F79EFBC}") = "Svrn7.Ledger", "src\Svrn7.Ledger\Svrn7.Ledger.csproj", "{A1B2C3D4-0004-0000-0000-000000000004}"
EndProject
Project("{FAE04EC0-301F-11D3-BF4B-00C04F79EFBC}") = "Svrn7.Identity", "src\Svrn7.Identity\Svrn7.Identity.csproj", "{A1B2C3D4-0005-0000-0000-000000000005}"
EndProject
Project("{FAE04EC0-301F-11D3-BF4B-00C04F79EFBC}") = "Svrn7.Federation", "src\Svrn7.Federation\Svrn7.Federation.csproj", "{A1B2C3D4-0006-0000-0000-000000000006}"
EndProject
Project("{FAE04EC0-301F-11D3-BF4B-00C04F79EFBC}") = "Svrn7.DIDComm", "src\Svrn7.DIDComm\Svrn7.DIDComm.csproj", "{A1B2C3D4-0007-0000-0000-000000000007}"
EndProject
Project("{FAE04EC0-301F-11D3-BF4B-00C04F79EFBC}") = "Svrn7.Society", "src\Svrn7.Society\Svrn7.Society.csproj", "{A1B2C3D4-0008-0000-0000-000000000008}"
EndProject
Project("{FAE04EC0-301F-11D3-BF4B-00C04F79EFBC}") = "Svrn7.TDA", "src\Svrn7.TDA\Svrn7.TDA.csproj", "{A1B2C3D4-0011-0000-0000-000000000011}"
EndProject
Project("{FAE04EC0-301F-11D3-BF4B-00C04F79EFBC}") = "Svrn7.Tests", "tests\Svrn7.Tests\Svrn7.Tests.csproj", "{A1B2C3D4-0009-0000-0000-000000000009}"
EndProject
Project("{FAE04EC0-301F-11D3-BF4B-00C04F79EFBC}") = "Svrn7.Society.Tests", "tests\Svrn7.Society.Tests\Svrn7.Society.Tests.csproj", "{A1B2C3D4-0010-0000-0000-000000000010}"
EndProject
Project("{FAE04EC0-301F-11D3-BF4B-00C04F79EFBC}") = "Svrn7.TDA.Tests", "tests\Svrn7.TDA.Tests\Svrn7.TDA.Tests.csproj", "{A1B2C3D4-0012-0000-0000-000000000012}"
EndProject
Project("{2150E333-8FDC-42A3-9474-1A3956D46DE8}") = "src", "src", "{B0000001-0000-0000-0000-000000000001}"
EndProject
Project("{2150E333-8FDC-42A3-9474-1A3956D46DE8}") = "tests", "tests", "{B0000002-0000-0000-0000-000000000002}"
EndProject
Global
	GlobalSection(SolutionConfigurationPlatforms) = preSolution
		Debug|Any CPU = Debug|Any CPU
		Release|Any CPU = Release|Any CPU
	EndGlobalSection
	GlobalSection(ProjectConfigurationPlatforms) = postSolution
		{A1B2C3D4-0001-0000-0000-000000000001}.Debug|Any CPU.ActiveCfg = Debug|Any CPU
		{A1B2C3D4-0001-0000-0000-000000000001}.Debug|Any CPU.Build.0 = Debug|Any CPU
		{A1B2C3D4-0001-0000-0000-000000000001}.Release|Any CPU.ActiveCfg = Release|Any CPU
		{A1B2C3D4-0001-0000-0000-000000000001}.Release|Any CPU.Build.0 = Release|Any CPU
		{A1B2C3D4-0002-0000-0000-000000000002}.Debug|Any CPU.ActiveCfg = Debug|Any CPU
		{A1B2C3D4-0002-0000-0000-000000000002}.Debug|Any CPU.Build.0 = Debug|Any CPU
		{A1B2C3D4-0002-0000-0000-000000000002}.Release|Any CPU.ActiveCfg = Release|Any CPU
		{A1B2C3D4-0002-0000-0000-000000000002}.Release|Any CPU.Build.0 = Release|Any CPU
		{A1B2C3D4-0003-0000-0000-000000000003}.Debug|Any CPU.ActiveCfg = Debug|Any CPU
		{A1B2C3D4-0003-0000-0000-000000000003}.Debug|Any CPU.Build.0 = Debug|Any CPU
		{A1B2C3D4-0003-0000-0000-000000000003}.Release|Any CPU.ActiveCfg = Release|Any CPU
		{A1B2C3D4-0003-0000-0000-000000000003}.Release|Any CPU.Build.0 = Release|Any CPU
		{A1B2C3D4-0004-0000-0000-000000000004}.Debug|Any CPU.ActiveCfg = Debug|Any CPU
		{A1B2C3D4-0004-0000-0000-000000000004}.Debug|Any CPU.Build.0 = Debug|Any CPU
		{A1B2C3D4-0004-0000-0000-000000000004}.Release|Any CPU.ActiveCfg = Release|Any CPU
		{A1B2C3D4-0004-0000-0000-000000000004}.Release|Any CPU.Build.0 = Release|Any CPU
		{A1B2C3D4-0005-0000-0000-000000000005}.Debug|Any CPU.ActiveCfg = Debug|Any CPU
		{A1B2C3D4-0005-0000-0000-000000000005}.Debug|Any CPU.Build.0 = Debug|Any CPU
		{A1B2C3D4-0005-0000-0000-000000000005}.Release|Any CPU.ActiveCfg = Release|Any CPU
		{A1B2C3D4-0005-0000-0000-000000000005}.Release|Any CPU.Build.0 = Release|Any CPU
		{A1B2C3D4-0006-0000-0000-000000000006}.Debug|Any CPU.ActiveCfg = Debug|Any CPU
		{A1B2C3D4-0006-0000-0000-000000000006}.Debug|Any CPU.Build.0 = Debug|Any CPU
		{A1B2C3D4-0006-0000-0000-000000000006}.Release|Any CPU.ActiveCfg = Release|Any CPU
		{A1B2C3D4-0006-0000-0000-000000000006}.Release|Any CPU.Build.0 = Release|Any CPU
		{A1B2C3D4-0007-0000-0000-000000000007}.Debug|Any CPU.ActiveCfg = Debug|Any CPU
		{A1B2C3D4-0007-0000-0000-000000000007}.Debug|Any CPU.Build.0 = Debug|Any CPU
		{A1B2C3D4-0007-0000-0000-000000000007}.Release|Any CPU.ActiveCfg = Release|Any CPU
		{A1B2C3D4-0007-0000-0000-000000000007}.Release|Any CPU.Build.0 = Release|Any CPU
		{A1B2C3D4-0008-0000-0000-000000000008}.Debug|Any CPU.ActiveCfg = Debug|Any CPU
		{A1B2C3D4-0008-0000-0000-000000000008}.Debug|Any CPU.Build.0 = Debug|Any CPU
		{A1B2C3D4-0008-0000-0000-000000000008}.Release|Any CPU.ActiveCfg = Release|Any CPU
		{A1B2C3D4-0008-0000-0000-000000000008}.Release|Any CPU.Build.0 = Release|Any CPU
		{A1B2C3D4-0011-0000-0000-000000000011}.Debug|Any CPU.ActiveCfg = Debug|Any CPU
		{A1B2C3D4-0011-0000-0000-000000000011}.Debug|Any CPU.Build.0 = Debug|Any CPU
		{A1B2C3D4-0011-0000-0000-000000000011}.Release|Any CPU.ActiveCfg = Release|Any CPU
		{A1B2C3D4-0011-0000-0000-000000000011}.Release|Any CPU.Build.0 = Release|Any CPU
		{A1B2C3D4-0009-0000-0000-000000000009}.Debug|Any CPU.ActiveCfg = Debug|Any CPU
		{A1B2C3D4-0009-0000-0000-000000000009}.Debug|Any CPU.Build.0 = Debug|Any CPU
		{A1B2C3D4-0009-0000-0000-000000000009}.Release|Any CPU.ActiveCfg = Release|Any CPU
		{A1B2C3D4-0009-0000-0000-000000000009}.Release|Any CPU.Build.0 = Release|Any CPU
		{A1B2C3D4-0010-0000-0000-000000000010}.Debug|Any CPU.ActiveCfg = Debug|Any CPU
		{A1B2C3D4-0010-0000-0000-000000000010}.Debug|Any CPU.Build.0 = Debug|Any CPU
		{A1B2C3D4-0010-0000-0000-000000000010}.Release|Any CPU.ActiveCfg = Release|Any CPU
		{A1B2C3D4-0010-0000-0000-000000000010}.Release|Any CPU.Build.0 = Release|Any CPU
		{A1B2C3D4-0012-0000-0000-000000000012}.Debug|Any CPU.ActiveCfg = Debug|Any CPU
		{A1B2C3D4-0012-0000-0000-000000000012}.Debug|Any CPU.Build.0 = Debug|Any CPU
		{A1B2C3D4-0012-0000-0000-000000000012}.Release|Any CPU.ActiveCfg = Release|Any CPU
		{A1B2C3D4-0012-0000-0000-000000000012}.Release|Any CPU.Build.0 = Release|Any CPU
	EndGlobalSection
	GlobalSection(NestedProjects) = preSolution
		{A1B2C3D4-0001-0000-0000-000000000001} = {B0000001-0000-0000-0000-000000000001}
		{A1B2C3D4-0002-0000-0000-000000000002} = {B0000001-0000-0000-0000-000000000001}
		{A1B2C3D4-0003-0000-0000-000000000003} = {B0000001-0000-0000-0000-000000000001}
		{A1B2C3D4-0004-0000-0000-000000000004} = {B0000001-0000-0000-0000-000000000001}
		{A1B2C3D4-0005-0000-0000-000000000005} = {B0000001-0000-0000-0000-000000000001}
		{A1B2C3D4-0006-0000-0000-000000000006} = {B0000001-0000-0000-0000-000000000001}
		{A1B2C3D4-0007-0000-0000-000000000007} = {B0000001-0000-0000-0000-000000000001}
		{A1B2C3D4-0008-0000-0000-000000000008} = {B0000001-0000-0000-0000-000000000001}
		{A1B2C3D4-0011-0000-0000-000000000011} = {B0000001-0000-0000-0000-000000000001}
		{A1B2C3D4-0009-0000-0000-000000000009} = {B0000002-0000-0000-0000-000000000002}
		{A1B2C3D4-0010-0000-0000-000000000010} = {B0000002-0000-0000-0000-000000000002}
		{A1B2C3D4-0012-0000-0000-000000000012} = {B0000002-0000-0000-0000-000000000002}
	EndGlobalSection
EndGlobal
